// !$*UTF8*$!
{
	archiveVersion = 1;
	classes = {
	};
	objectVersion = 46;
	objects = {

/* Begin PBXBuildFile section */
		EDD19D481F41C4B500EE3E5E /* Meme.swift in Sources */ = {isa = PBXBuildFile; fileRef = EDD19D471F41C4B500EE3E5E /* Meme.swift */; };
		EDD19D4A1F41C5A500EE3E5E /* SentMemesCollectionViewController.swift in Sources */ = {isa = PBXBuildFile; fileRef = EDD19D491F41C5A500EE3E5E /* SentMemesCollectionViewController.swift */; };
		EDD19D4C1F41C5D900EE3E5E /* SentMemesCollectionViewCell.swift in Sources */ = {isa = PBXBuildFile; fileRef = EDD19D4B1F41C5D900EE3E5E /* SentMemesCollectionViewCell.swift */; };
		EDD19D4E1F41C60400EE3E5E /* SentMemesTableViewController.swift in Sources */ = {isa = PBXBuildFile; fileRef = EDD19D4D1F41C60400EE3E5E /* SentMemesTableViewController.swift */; };
		EDD19D531F41D19400EE3E5E /* memed.swift in Sources */ = {isa = PBXBuildFile; fileRef = EDD19D521F41D19400EE3E5E /* memed.swift */; };
		EDE471DB1F3B2D7E001074B1 /* AppDelegate.swift in Sources */ = {isa = PBXBuildFile; fileRef = EDE471DA1F3B2D7E001074B1 /* AppDelegate.swift */; };
		EDE471DD1F3B2D7E001074B1 /* ViewController.swift in Sources */ = {isa = PBXBuildFile; fileRef = EDE471DC1F3B2D7E001074B1 /* ViewController.swift */; };
		EDE471E01F3B2D7E001074B1 /* Main.storyboard in Resources */ = {isa = PBXBuildFile; fileRef = EDE471DE1F3B2D7E001074B1 /* Main.storyboard */; };
		EDE471E21F3B2D7E001074B1 /* Assets.xcassets in Resources */ = {isa = PBXBuildFile; fileRef = EDE471E11F3B2D7E001074B1 /* Assets.xcassets */; };
		EDE471E51F3B2D7E001074B1 /* LaunchScreen.storyboard in Resources */ = {isa = PBXBuildFile; fileRef = EDE471E31F3B2D7E001074B1 /* LaunchScreen.storyboard */; };
/* End PBXBuildFile section */

/* Begin PBXFileReference section */
		EDD19D471F41C4B500EE3E5E /* Meme.swift */ = {isa = PBXFileReference; fileEncoding = 4; lastKnownFileType = sourcecode.swift; path = Meme.swift; sourceTree = "<group>"; };
		EDD19D491F41C5A500EE3E5E /* SentMemesCollectionViewController.swift */ = {isa = PBXFileReference; fileEncoding = 4; lastKnownFileType = sourcecode.swift; path = SentMemesCollectionViewController.swift; sourceTree = "<group>"; };
		EDD19D4B1F41C5D900EE3E5E /* SentMemesCollectionViewCell.swift */ = {isa = PBXFileReference; fileEncoding = 4; lastKnownFileType = sourcecode.swift; path = SentMemesCollectionViewCell.swift; sourceTree = "<group>"; };
		EDD19D4D1F41C60400EE3E5E /* SentMemesTableViewController.swift */ = {isa = PBXFileReference; fileEncoding = 4; lastKnownFileType = sourcecode.swift; path = SentMemesTableViewController.swift; sourceTree = "<group>"; };
		EDD19D521F41D19400EE3E5E /* memed.swift */ = {isa = PBXFileReference; fileEncoding = 4; lastKnownFileType = sourcecode.swift; path = memed.swift; sourceTree = "<group>"; };
		EDE471D71F3B2D7E001074B1 /* MemeMe.app */ = {isa = PBXFileReference; explicitFileType = wrapper.application; includeInIndex = 0; path = MemeMe.app; sourceTree = BUILT_PRODUCTS_DIR; };
		EDE471DA1F3B2D7E001074B1 /* AppDelegate.swift */ = {isa = PBXFileReference; lastKnownFileType = sourcecode.swift; path = AppDelegate.swift; sourceTree = "<group>"; };
		EDE471DC1F3B2D7E001074B1 /* ViewController.swift */ = {isa = PBXFileReference; lastKnownFileType = sourcecode.swift; path = ViewController.swift; sourceTree = "<group>"; };
		EDE471DF1F3B2D7E001074B1 /* Base */ = {isa = PBXFileReference; lastKnownFileType = file.storyboard; name = Base; path = Base.lproj/Main.storyboard; sourceTree = "<group>"; };
		EDE471E11F3B2D7E001074B1 /* Assets.xcassets */ = {isa = PBXFileReference; lastKnownFileType = folder.assetcatalog; path = Assets.xcassets; sourceTree = "<group>"; };
		EDE471E41F3B2D7E001074B1 /* Base */ = {isa = PBXFileReference; lastKnownFileType = file.storyboard; name = Base; path = Base.lproj/LaunchScreen.storyboard; sourceTree = "<group>"; };
		EDE471E61F3B2D7E001074B1 /* Info.plist */ = {isa = PBXFileReference; lastKnownFileType = text.plist.xml; path = Info.plist; sourceTree = "<group>"; };
/* End PBXFileReference section */

/* Begin PBXFrameworksBuildPhase section */
		EDE471D41F3B2D7E001074B1 /* Frameworks */ = {
			isa = PBXFrameworksBuildPhase;
			buildActionMask = 2147483647;
			files = (
			);
			runOnlyForDeploymentPostprocessing = 0;
		};
/* End PBXFrameworksBuildPhase section */

/* Begin PBXGroup section */
		EDD19D4F1F41C61600EE3E5E /* SentMemes */ = {
			isa = PBXGroup;
			children = (
				EDD19D491F41C5A500EE3E5E /* SentMemesCollectionViewController.swift */,
				EDD19D4B1F41C5D900EE3E5E /* SentMemesCollectionViewCell.swift */,
				EDD19D4D1F41C60400EE3E5E /* SentMemesTableViewController.swift */,
			);
			name = SentMemes;
			sourceTree = "<group>";
		};
		EDE471CE1F3B2D7E001074B1 = {
			isa = PBXGroup;
			children = (
				EDE471D91F3B2D7E001074B1 /* MemeMe */,
				EDE471D81F3B2D7E001074B1 /* Products */,
			);
			sourceTree = "<group>";
		};
		EDE471D81F3B2D7E001074B1 /* Products */ = {
			isa = PBXGroup;
			children = (
				EDE471D71F3B2D7E001074B1 /* MemeMe.app */,
			);
			name = Products;
			sourceTree = "<group>";
		};
		EDE471D91F3B2D7E001074B1 /* MemeMe */ = {
			isa = PBXGroup;
			children = (
				EDE471DA1F3B2D7E001074B1 /* AppDelegate.swift */,
				EDE471DC1F3B2D7E001074B1 /* ViewController.swift */,
				EDD19D471F41C4B500EE3E5E /* Meme.swift */,
				EDD19D521F41D19400EE3E5E /* memed.swift */,
				EDE471DE1F3B2D7E001074B1 /* Main.storyboard */,
				EDD19D4F1F41C61600EE3E5E /* SentMemes */,
				EDE471E11F3B2D7E001074B1 /* Assets.xcassets */,
				EDE471E31F3B2D7E001074B1 /* LaunchScreen.storyboard */,
				EDE471E61F3B2D7E001074B1 /* Info.plist */,
			);
			path = MemeMe;
			sourceTree = "<group>";
		};
/* End PBXGroup section */

/* Begin PBXNativeTarget section */
		EDE471D61F3B2D7E001074B1 /* MemeMe */ = {
			isa = PBXNativeTarget;
			buildConfigurationList = EDE471E91F3B2D7E001074B1 /* Build configuration list for PBXNativeTarget "MemeMe" */;
			buildPhases = (
				EDE471D31F3B2D7E001074B1 /* Sources */,
				EDE471D41F3B2D7E001074B1 /* Frameworks */,
				EDE471D51F3B2D7E001074B1 /* Resources */,
			);
			buildRules = (
			);
			dependencies = (
			);
			name = MemeMe;
			productName = MemeMe;
			productReference = EDE471D71F3B2D7E001074B1 /* MemeMe.app */;
			productType = "com.apple.product-type.application";
		};
/* End PBXNativeTarget section */

/* Begin PBXProject section */
		EDE471CF1F3B2D7E001074B1 /* Project object */ = {
			isa = PBXProject;
			attributes = {
				LastSwiftUpdateCheck = 0830;
				LastUpgradeCheck = 0830;
				ORGANIZATIONNAME = SafeenAzad;
				TargetAttributes = {
					EDE471D61F3B2D7E001074B1 = {
						CreatedOnToolsVersion = 8.3.3;
						ProvisioningStyle = Automatic;
					};
				};
			};
			buildConfigurationList = EDE471D21F3B2D7E001074B1 /* Build configuration list for PBXProject "MemeMe" */;
			compatibilityVersion = "Xcode 3.2";
			developmentRegion = English;
			hasScannedForEncodings = 0;
			knownRegions = (
				en,
				Base,
			);
			mainGroup = EDE471CE1F3B2D7E001074B1;
			productRefGroup = EDE471D81F3B2D7E001074B1 /* Products */;
			projectDirPath = "";
			projectRoot = "";
			targets = (
				EDE471D61F3B2D7E001074B1 /* MemeMe */,
			);
		};
/* End PBXProject section */

/* Begin PBXResourcesBuildPhase section */
		EDE471D51F3B2D7E001074B1 /* Resources */ = {
			isa = PBXResourcesBuildPhase;
			buildActionMask = 2147483647;
			files = (
				EDE471E51F3B2D7E001074B1 /* LaunchScreen.storyboard in Resources */,
				EDE471E21F3B2D7E001074B1 /* Assets.xcassets in Resources */,
				EDE471E01F3B2D7E001074B1 /* Main.storyboard in Resources */,
			);
			runOnlyForDeploymentPostprocessing = 0;
		};
/* End PBXResourcesBuildPhase section */

/* Begin PBXSourcesBuildPhase section */
		EDE471D31F3B2D7E001074B1 /* Sources */ = {
			isa = PBXSourcesBuildPhase;
			buildActionMask = 2147483647;
			files = (
				EDD19D4C1F41C5D900EE3E5E /* SentMemesCollectionViewCell.swift in Sources */,
				EDD19D4E1F41C60400EE3E5E /* SentMemesTableViewController.swift in Sources */,
				EDD19D481F41C4B500EE3E5E /* Meme.swift in Sources */,
				EDD19D531F41D19400EE3E5E /* memed.swift in Sources */,
				EDE471DD1F3B2D7E001074B1 /* ViewController.swift in Sources */,
				EDD19D4A1F41C5A500EE3E5E /* SentMemesCollectionViewController.swift in Sources */,
				EDE471DB1F3B2D7E001074B1 /* AppDelegate.swift in Sources */,
			);
			runOnlyForDeploymentPostprocessing = 0;
		};
/* End PBXSourcesBuildPhase section */

/* Begin PBXVariantGroup section */
		EDE471DE1F3B2D7E001074B1 /* Main.storyboard */ = {
			isa = PBXVariantGroup;
			children = (
				EDE471DF1F3B2D7E001074B1 /* Base */,
			);
			name = Main.storyboard;
			sourceTree = "<group>";
		};
		EDE471E31F3B2D7E001074B1 /* LaunchScreen.storyboard */ = {
			isa = PBXVariantGroup;
			children = (
				EDE471E41F3B2D7E001074B1 /* Base */,
			);
			name = LaunchScreen.storyboard;
			sourceTree = "<group>";
		};
/* End PBXVariantGroup section */

/* Begin XCBuildConfiguration section */
		EDE471E71F3B2D7E001074B1 /* Debug */ = {
			isa = XCBuildConfiguration;
			buildSettings = {
				ALWAYS_SEARCH_USER_PATHS = NO;
				CLANG_ANALYZER_NONNULL = YES;
				CLANG_ANALYZER_NUMBER_OBJECT_CONVERSION = YES_AGGRESSIVE;
				CLANG_CXX_LANGUAGE_STANDARD = "gnu++0x";
				CLANG_CXX_LIBRARY = "libc++";
				CLANG_ENABLE_MODULES = YES;
				CLANG_ENABLE_OBJC_ARC = YES;
				CLANG_WARN_BOOL_CONVERSION = YES;
				CLANG_WARN_CONSTANT_CONVERSION = YES;
				CLANG_WARN_DIRECT_OBJC_ISA_USAGE = YES_ERROR;
				CLANG_WARN_DOCUMENTATION_COMMENTS = YES;
				CLANG_WARN_EMPTY_BODY = YES;
				CLANG_WARN_ENUM_CONVERSION = YES;
				CLANG_WARN_INFINITE_RECURSION = YES;
				CLANG_WARN_INT_CONVERSION = YES;
				CLANG_WARN_OBJC_ROOT_CLASS = YES_ERROR;
				CLANG_WARN_SUSPICIOUS_MOVE = YES;
				CLANG_WARN_UNREACHABLE_CODE = YES;
				CLANG_WARN__DUPLICATE_METHOD_MATCH = YES;
				"CODE_SIGN_IDENTITY[sdk=iphoneos*]" = "iPhone Developer";
				COPY_PHASE_STRIP = NO;
				DEBUG_INFORMATION_FORMAT = dwarf;
				ENABLE_STRICT_OBJC_MSGSEND = YES;
				ENABLE_TESTABILITY = YES;
				GCC_C_LANGUAGE_STANDARD = gnu99;
				GCC_DYNAMIC_NO_PIC = NO;
				GCC_NO_COMMON_BLOCKS = YES;
				GCC_OPTIMIZATION_LEVEL = 0;
				GCC_PREPROCESSOR_DEFINITIONS = (
					"DEBUG=1",
					"$(inherited)",
				);
				GCC_WARN_64_TO_32_BIT_CONVERSION = YES;
				GCC_WARN_ABOUT_RETURN_TYPE = YES_ERROR;
				GCC_WARN_UNDECLARED_SELECTOR = YES;
				GCC_WARN_UNINITIALIZED_AUTOS = YES_AGGRESSIVE;
				GCC_WARN_UNUSED_FUNCTION = YES;
				GCC_WARN_UNUSED_VARIABLE = YES;
				IPHONEOS_DEPLOYMENT_TARGET = 10.3;
				MTL_ENABLE_DEBUG_INFO = YES;
				ONLY_ACTIVE_ARCH = YES;
				SDKROOT = iphoneos;
				SWIFT_ACTIVE_COMPILATION_CONDITIONS = DEBUG;
				SWIFT_OPTIMIZATION_LEVEL = "-Onone";
				TARGETED_DEVICE_FAMILY = "1,2";
			};
			name = Debug;
		};
		EDE471E81F3B2D7E001074B1 /* Release */ = {
			isa = XCBuildConfiguration;
			buildSettings = {
				ALWAYS_SEARCH_USER_PATHS = NO;
				CLANG_ANALYZER_NONNULL = YES;
				CLANG_ANALYZER_NUMBER_OBJECT_CONVERSION = YES_AGGRESSIVE;
				CLANG_CXX_LANGUAGE_STANDARD = "gnu++0x";
				CLANG_CXX_LIBRARY = "libc++";
				CLANG_ENABLE_MODULES = YES;
				CLANG_ENABLE_OBJC_ARC = YES;
				CLANG_WARN_BOOL_CONVERSION = YES;
				CLANG_WARN_CONSTANT_CONVERSION = YES;
				CLANG_WARN_DIRECT_OBJC_ISA_USAGE = YES_ERROR;
				CLANG_WARN_DOCUMENTATION_COMMENTS = YES;
				CLANG_WARN_EMPTY_BODY = YES;
				CLANG_WARN_ENUM_CONVERSION = YES;
				CLANG_WARN_INFINITE_RECURSION = YES;
				CLANG_WARN_INT_CONVERSION = YES;
				CLANG_WARN_OBJC_ROOT_CLASS = YES_ERROR;
				CLANG_WARN_SUSPICIOUS_MOVE = YES;
				CLANG_WARN_UNREACHABLE_CODE = YES;
				CLANG_WARN__DUPLICATE_METHOD_MATCH = YES;
				"CODE_SIGN_IDENTITY[sdk=iphoneos*]" = "iPhone Developer";
				COPY_PHASE_STRIP = NO;
				DEBUG_INFORMATION_FORMAT = "dwarf-with-dsym";
				ENABLE_NS_ASSERTIONS = NO;
				ENABLE_STRICT_OBJC_MSGSEND = YES;
				GCC_C_LANGUAGE_STANDARD = gnu99;
				GCC_NO_COMMON_BLOCKS = YES;
				GCC_WARN_64_TO_32_BIT_CONVERSION = YES;
				GCC_WARN_ABOUT_RETURN_TYPE = YES_ERROR;
				GCC_WARN_UNDECLARED_SELECTOR = YES;
				GCC_WARN_UNINITIALIZED_AUTOS = YES_AGGRESSIVE;
				GCC_WARN_UNUSED_FUNCTION = YES;
				GCC_WARN_UNUSED_VARIABLE = YES;
				IPHONEOS_DEPLOYMENT_TARGET = 10.3;
				MTL_ENABLE_DEBUG_INFO = NO;
				SDKROOT = iphoneos;
				SWIFT_OPTIMIZATION_LEVEL = "-Owholemodule";
				TARGETED_DEVICE_FAMILY = "1,2";
				VALIDATE_PRODUCT = YES;
			};
			name = Release;
		};
		EDE471EA1F3B2D7E001074B1 /* Debug */ = {
			isa = XCBuildConfiguration;
			buildSettings = {
				ASSETCATALOG_COMPILER_APPICON_NAME = AppIcon;
				INFOPLIST_FILE = MemeMe/Info.plist;
				LD_RUNPATH_SEARCH_PATHS = "$(inherited) @executable_path/Frameworks";
				PRODUCT_BUNDLE_IDENTIFIER = com.SafeenAzad.MemeMe;
				PRODUCT_NAME = "$(TARGET_NAME)";
				SWIFT_VERSION = 3.0;
			};
			name = Debug;
		};
		EDE471EB1F3B2D7E001074B1 /* Release */ = {
			isa = XCBuildConfiguration;
			buildSettings = {
				ASSETCATALOG_COMPILER_APPICON_NAME = AppIcon;
				INFOPLIST_FILE = MemeMe/Info.plist;
				LD_RUNPATH_SEARCH_PATHS = "$(inherited) @executable_path/Frameworks";
				PRODUCT_BUNDLE_IDENTIFIER = com.SafeenAzad.MemeMe;
				PRODUCT_NAME = "$(TARGET_NAME)";
				SWIFT_VERSION = 3.0;
			};
			name = Release;
		};
/* End XCBuildConfiguration section */

/* Begin XCConfigurationList section */
		EDE471D21F3B2D7E001074B1 /* Build configuration list for PBXProject "MemeMe" */ = {
			isa = XCConfigurationList;
			buildConfigurations = (
				EDE471E71F3B2D7E001074B1 /* Debug */,
				EDE471E81F3B2D7E001074B1 /* Release */,
			);
			defaultConfigurationIsVisible = 0;
			defaultConfigurationName = Release;
		};
		EDE471E91F3B2D7E001074B1 /* Build configuration list for PBXNativeTarget "MemeMe" */ = {
			isa = XCConfigurationList;
			buildConfigurations = (
				EDE471EA1F3B2D7E001074B1 /* Debug */,
				EDE471EB1F3B2D7E001074B1 /* Release */,
			);
			defaultConfigurationIsVisible = 0;
			defaultConfigurationName = Release;
		};
/* End XCConfigurationList section */
	};
	rootObject = EDE471CF1F3B2D7E001074B1 /* Project object */;
}
